
Microsoft Visual Studio Solution File, Format Version 12.00
# Visual Studio 2012
Project("{FAE04EC0-301F-11D3-BF4B-00C04F79EFBC}") = "TASK1", "TASK1\TASK1.csproj", "{CE8CF642-AC92-4BB3-BFB5-73D7FE366535}"
EndProject
Project("{FAE04EC0-301F-11D3-BF4B-00C04F79EFBC}") = "TASK2", "TASK2\TASK2.csproj", "{BE32399F-A810-4108-958D-AA0FDBBB6D25}"
EndProject
Project("{FAE04EC0-301F-11D3-BF4B-00C04F79EFBC}") = "TASK3", "TASK3\TASK3.csproj", "{F2C8B69D-12D6-40AB-ABAF-7BDAB3D31259}"
EndProject
Global
	GlobalSection(SolutionConfigurationPlatforms) = preSolution
		Debug|Any CPU = Debug|Any CPU
		Release|Any CPU = Release|Any CPU
	EndGlobalSection
	GlobalSection(ProjectConfigurationPlatforms) = postSolution
		{CE8CF642-AC92-4BB3-BFB5-73D7FE366535}.Debug|Any CPU.ActiveCfg = Debug|Any CPU
		{CE8CF642-AC92-4BB3-BFB5-73D7FE366535}.Debug|Any CPU.Build.0 = Debug|Any CPU
		{CE8CF642-AC92-4BB3-BFB5-73D7FE366535}.Release|Any CPU.ActiveCfg = Release|Any CPU
		{CE8CF642-AC92-4BB3-BFB5-73D7FE366535}.Release|Any CPU.Build.0 = Release|Any CPU
		{BE32399F-A810-4108-958D-AA0FDBBB6D25}.Debug|Any CPU.ActiveCfg = Debug|Any CPU
		{BE32399F-A810-4108-958D-AA0FDBBB6D25}.Debug|Any CPU.Build.0 = Debug|Any CPU
		{BE32399F-A810-4108-958D-AA0FDBBB6D25}.Release|Any CPU.ActiveCfg = Release|Any CPU
		{BE32399F-A810-4108-958D-AA0FDBBB6D25}.Release|Any CPU.Build.0 = Release|Any CPU
		{F2C8B69D-12D6-40AB-ABAF-7BDAB3D31259}.Debug|Any CPU.ActiveCfg = Debug|Any CPU
		{F2C8B69D-12D6-40AB-ABAF-7BDAB3D31259}.Debug|Any CPU.Build.0 = Debug|Any CPU
		{F2C8B69D-12D6-40AB-ABAF-7BDAB3D31259}.Release|Any CPU.ActiveCfg = Release|Any CPU
		{F2C8B69D-12D6-40AB-ABAF-7BDAB3D31259}.Release|Any CPU.Build.0 = Release|Any CPU
	EndGlobalSection
	GlobalSection(SolutionProperties) = preSolution
		HideSolutionNode = FALSE
	EndGlobalSection
EndGlobal
